// !$*UTF8*$!
{
	archiveVersion = 1;
	classes = {
	};
	objectVersion = 50;
	objects = {

/* Begin PBXBuildFile section */
		442DAE6320A68A88008D6107 /* AppDelegate.m in Sources */ = {isa = PBXBuildFile; fileRef = 442DAE6220A68A88008D6107 /* AppDelegate.m */; };
		442DAE6920A68A88008D6107 /* Main.storyboard in Resources */ = {isa = PBXBuildFile; fileRef = 442DAE6720A68A88008D6107 /* Main.storyboard */; };
		442DAE6B20A68A89008D6107 /* Assets.xcassets in Resources */ = {isa = PBXBuildFile; fileRef = 442DAE6A20A68A89008D6107 /* Assets.xcassets */; };
		442DAE6E20A68A89008D6107 /* LaunchScreen.storyboard in Resources */ = {isa = PBXBuildFile; fileRef = 442DAE6C20A68A89008D6107 /* LaunchScreen.storyboard */; };
		442DAE7120A68A89008D6107 /* main.m in Sources */ = {isa = PBXBuildFile; fileRef = 442DAE7020A68A89008D6107 /* main.m */; };
		442DAE7D20A68C52008D6107 /* DetailViewController.m in Sources */ = {isa = PBXBuildFile; fileRef = 442DAE7C20A68C52008D6107 /* DetailViewController.m */; };
		442DAE8120A68EB7008D6107 /* UINavigationController+FDFullscreenPopGesture.m in Sources */ = {isa = PBXBuildFile; fileRef = 442DAE8020A68EB7008D6107 /* UINavigationController+FDFullscreenPopGesture.m */; };
		442DAE8420A68F4B008D6107 /* KindViewController.m in Sources */ = {isa = PBXBuildFile; fileRef = 442DAE8320A68F4B008D6107 /* KindViewController.m */; };
		442DAE8920A6C37B008D6107 /* UINavigationController+Cloudox.m in Sources */ = {isa = PBXBuildFile; fileRef = 442DAE8520A6C37A008D6107 /* UINavigationController+Cloudox.m */; };
		442DAE8A20A6C37B008D6107 /* UIViewController+Cloudox.m in Sources */ = {isa = PBXBuildFile; fileRef = 442DAE8820A6C37B008D6107 /* UIViewController+Cloudox.m */; };
		442DAE8D20A6E125008D6107 /* HomeViewController.m in Sources */ = {isa = PBXBuildFile; fileRef = 442DAE8C20A6E125008D6107 /* HomeViewController.m */; };
		442DAE9020A6E1E2008D6107 /* ClassifyViewController.m in Sources */ = {isa = PBXBuildFile; fileRef = 442DAE8F20A6E1E2008D6107 /* ClassifyViewController.m */; };
/* End PBXBuildFile section */

/* Begin PBXFileReference section */
		442DAE5E20A68A88008D6107 /* 页面滑动跳转.app */ = {isa = PBXFileReference; explicitFileType = wrapper.application; includeInIndex = 0; path = "页面滑动跳转.app"; sourceTree = BUILT_PRODUCTS_DIR; };
		442DAE6120A68A88008D6107 /* AppDelegate.h */ = {isa = PBXFileReference; lastKnownFileType = sourcecode.c.h; path = AppDelegate.h; sourceTree = "<group>"; };
		442DAE6220A68A88008D6107 /* AppDelegate.m */ = {isa = PBXFileReference; lastKnownFileType = sourcecode.c.objc; path = AppDelegate.m; sourceTree = "<group>"; };
		442DAE6820A68A88008D6107 /* Base */ = {isa = PBXFileReference; lastKnownFileType = file.storyboard; name = Base; path = Base.lproj/Main.storyboard; sourceTree = "<group>"; };
		442DAE6A20A68A89008D6107 /* Assets.xcassets */ = {isa = PBXFileReference; lastKnownFileType = folder.assetcatalog; path = Assets.xcassets; sourceTree = "<group>"; };
		442DAE6D20A68A89008D6107 /* Base */ = {isa = PBXFileReference; lastKnownFileType = file.storyboard; name = Base; path = Base.lproj/LaunchScreen.storyboard; sourceTree = "<group>"; };
		442DAE6F20A68A89008D6107 /* Info.plist */ = {isa = PBXFileReference; lastKnownFileType = text.plist.xml; path = Info.plist; sourceTree = "<group>"; };
		442DAE7020A68A89008D6107 /* main.m */ = {isa = PBXFileReference; lastKnownFileType = sourcecode.c.objc; path = main.m; sourceTree = "<group>"; };
		442DAE7B20A68C52008D6107 /* DetailViewController.h */ = {isa = PBXFileReference; lastKnownFileType = sourcecode.c.h; path = DetailViewController.h; sourceTree = "<group>"; };
		442DAE7C20A68C52008D6107 /* DetailViewController.m */ = {isa = PBXFileReference; lastKnownFileType = sourcecode.c.objc; path = DetailViewController.m; sourceTree = "<group>"; };
		442DAE7F20A68EB7008D6107 /* UINavigationController+FDFullscreenPopGesture.h */ = {isa = PBXFileReference; fileEncoding = 4; lastKnownFileType = sourcecode.c.h; path = "UINavigationController+FDFullscreenPopGesture.h"; sourceTree = "<group>"; };
		442DAE8020A68EB7008D6107 /* UINavigationController+FDFullscreenPopGesture.m */ = {isa = PBXFileReference; fileEncoding = 4; lastKnownFileType = sourcecode.c.objc; path = "UINavigationController+FDFullscreenPopGesture.m"; sourceTree = "<group>"; };
		442DAE8220A68F4B008D6107 /* KindViewController.h */ = {isa = PBXFileReference; lastKnownFileType = sourcecode.c.h; path = KindViewController.h; sourceTree = "<group>"; };
		442DAE8320A68F4B008D6107 /* KindViewController.m */ = {isa = PBXFileReference; lastKnownFileType = sourcecode.c.objc; path = KindViewController.m; sourceTree = "<group>"; };
		442DAE8520A6C37A008D6107 /* UINavigationController+Cloudox.m */ = {isa = PBXFileReference; fileEncoding = 4; lastKnownFileType = sourcecode.c.objc; path = "UINavigationController+Cloudox.m"; sourceTree = "<group>"; };
		442DAE8620A6C37B008D6107 /* UINavigationController+Cloudox.h */ = {isa = PBXFileReference; fileEncoding = 4; lastKnownFileType = sourcecode.c.h; path = "UINavigationController+Cloudox.h"; sourceTree = "<group>"; };
		442DAE8720A6C37B008D6107 /* UIViewController+Cloudox.h */ = {isa = PBXFileReference; fileEncoding = 4; lastKnownFileType = sourcecode.c.h; path = "UIViewController+Cloudox.h"; sourceTree = "<group>"; };
		442DAE8820A6C37B008D6107 /* UIViewController+Cloudox.m */ = {isa = PBXFileReference; fileEncoding = 4; lastKnownFileType = sourcecode.c.objc; path = "UIViewController+Cloudox.m"; sourceTree = "<group>"; };
		442DAE8B20A6E125008D6107 /* HomeViewController.h */ = {isa = PBXFileReference; lastKnownFileType = sourcecode.c.h; path = HomeViewController.h; sourceTree = "<group>"; };
		442DAE8C20A6E125008D6107 /* HomeViewController.m */ = {isa = PBXFileReference; lastKnownFileType = sourcecode.c.objc; path = HomeViewController.m; sourceTree = "<group>"; };
		442DAE8E20A6E1E2008D6107 /* ClassifyViewController.h */ = {isa = PBXFileReference; lastKnownFileType = sourcecode.c.h; path = ClassifyViewController.h; sourceTree = "<group>"; };
		442DAE8F20A6E1E2008D6107 /* ClassifyViewController.m */ = {isa = PBXFileReference; lastKnownFileType = sourcecode.c.objc; path = ClassifyViewController.m; sourceTree = "<group>"; };
		442DAE9320A6EAAC008D6107 /* PublicHeader.pch */ = {isa = PBXFileReference; lastKnownFileType = sourcecode.c.h; path = PublicHeader.pch; sourceTree = "<group>"; };
/* End PBXFileReference section */

/* Begin PBXFrameworksBuildPhase section */
		442DAE5B20A68A88008D6107 /* Frameworks */ = {
			isa = PBXFrameworksBuildPhase;
			buildActionMask = 2147483647;
			files = (
			);
			runOnlyForDeploymentPostprocessing = 0;
		};
/* End PBXFrameworksBuildPhase section */

/* Begin PBXGroup section */
		442DAE5520A68A88008D6107 = {
			isa = PBXGroup;
			children = (
				442DAE6020A68A88008D6107 /* 页面滑动跳转 */,
				442DAE5F20A68A88008D6107 /* Products */,
			);
			sourceTree = "<group>";
		};
		442DAE5F20A68A88008D6107 /* Products */ = {
			isa = PBXGroup;
			children = (
				442DAE5E20A68A88008D6107 /* 页面滑动跳转.app */,
			);
			name = Products;
			sourceTree = "<group>";
		};
		442DAE6020A68A88008D6107 /* 页面滑动跳转 */ = {
			isa = PBXGroup;
			children = (
				442DAE6120A68A88008D6107 /* AppDelegate.h */,
				442DAE6220A68A88008D6107 /* AppDelegate.m */,
				442DAE7E20A68EAB008D6107 /* FDFullscreenPopGesture */,
				442DAE8B20A6E125008D6107 /* HomeViewController.h */,
				442DAE8C20A6E125008D6107 /* HomeViewController.m */,
				442DAE8E20A6E1E2008D6107 /* ClassifyViewController.h */,
				442DAE8F20A6E1E2008D6107 /* ClassifyViewController.m */,
				442DAE7B20A68C52008D6107 /* DetailViewController.h */,
				442DAE7C20A68C52008D6107 /* DetailViewController.m */,
				442DAE8220A68F4B008D6107 /* KindViewController.h */,
				442DAE8320A68F4B008D6107 /* KindViewController.m */,
				442DAE9320A6EAAC008D6107 /* PublicHeader.pch */,
				442DAE6720A68A88008D6107 /* Main.storyboard */,
				442DAE6A20A68A89008D6107 /* Assets.xcassets */,
				442DAE6C20A68A89008D6107 /* LaunchScreen.storyboard */,
				442DAE6F20A68A89008D6107 /* Info.plist */,
				442DAE7020A68A89008D6107 /* main.m */,
			);
			path = "页面滑动跳转";
			sourceTree = "<group>";
		};
		442DAE7E20A68EAB008D6107 /* FDFullscreenPopGesture */ = {
			isa = PBXGroup;
			children = (
				442DAE8620A6C37B008D6107 /* UINavigationController+Cloudox.h */,
				442DAE8520A6C37A008D6107 /* UINavigationController+Cloudox.m */,
				442DAE8720A6C37B008D6107 /* UIViewController+Cloudox.h */,
				442DAE8820A6C37B008D6107 /* UIViewController+Cloudox.m */,
				442DAE7F20A68EB7008D6107 /* UINavigationController+FDFullscreenPopGesture.h */,
				442DAE8020A68EB7008D6107 /* UINavigationController+FDFullscreenPopGesture.m */,
			);
			path = FDFullscreenPopGesture;
			sourceTree = "<group>";
		};
/* End PBXGroup section */

/* Begin PBXNativeTarget section */
		442DAE5D20A68A88008D6107 /* 页面滑动跳转 */ = {
			isa = PBXNativeTarget;
			buildConfigurationList = 442DAE7420A68A89008D6107 /* Build configuration list for PBXNativeTarget "页面滑动跳转" */;
			buildPhases = (
				442DAE5A20A68A88008D6107 /* Sources */,
				442DAE5B20A68A88008D6107 /* Frameworks */,
				442DAE5C20A68A88008D6107 /* Resources */,
			);
			buildRules = (
			);
			dependencies = (
			);
			name = "页面滑动跳转";
			productName = "页面滑动跳转";
			productReference = 442DAE5E20A68A88008D6107 /* 页面滑动跳转.app */;
			productType = "com.apple.product-type.application";
		};
/* End PBXNativeTarget section */

/* Begin PBXProject section */
		442DAE5620A68A88008D6107 /* Project object */ = {
			isa = PBXProject;
			attributes = {
				LastUpgradeCheck = 0930;
				ORGANIZATIONNAME = HanYong;
				TargetAttributes = {
					442DAE5D20A68A88008D6107 = {
						CreatedOnToolsVersion = 9.3;
					};
				};
			};
			buildConfigurationList = 442DAE5920A68A88008D6107 /* Build configuration list for PBXProject "页面滑动跳转" */;
			compatibilityVersion = "Xcode 9.3";
			developmentRegion = en;
			hasScannedForEncodings = 0;
			knownRegions = (
				en,
				Base,
			);
			mainGroup = 442DAE5520A68A88008D6107;
			productRefGroup = 442DAE5F20A68A88008D6107 /* Products */;
			projectDirPath = "";
			projectRoot = "";
			targets = (
				442DAE5D20A68A88008D6107 /* 页面滑动跳转 */,
			);
		};
/* End PBXProject section */

/* Begin PBXResourcesBuildPhase section */
		442DAE5C20A68A88008D6107 /* Resources */ = {
			isa = PBXResourcesBuildPhase;
			buildActionMask = 2147483647;
			files = (
				442DAE6E20A68A89008D6107 /* LaunchScreen.storyboard in Resources */,
				442DAE6B20A68A89008D6107 /* Assets.xcassets in Resources */,
				442DAE6920A68A88008D6107 /* Main.storyboard in Resources */,
			);
			runOnlyForDeploymentPostprocessing = 0;
		};
/* End PBXResourcesBuildPhase section */

/* Begin PBXSourcesBuildPhase section */
		442DAE5A20A68A88008D6107 /* Sources */ = {
			isa = PBXSourcesBuildPhase;
			buildActionMask = 2147483647;
			files = (
				442DAE9020A6E1E2008D6107 /* ClassifyViewController.m in Sources */,
				442DAE8120A68EB7008D6107 /* UINavigationController+FDFullscreenPopGesture.m in Sources */,
				442DAE7D20A68C52008D6107 /* DetailViewController.m in Sources */,
				442DAE8420A68F4B008D6107 /* KindViewController.m in Sources */,
				442DAE8A20A6C37B008D6107 /* UIViewController+Cloudox.m in Sources */,
				442DAE8D20A6E125008D6107 /* HomeViewController.m in Sources */,
				442DAE8920A6C37B008D6107 /* UINavigationController+Cloudox.m in Sources */,
				442DAE7120A68A89008D6107 /* main.m in Sources */,
				442DAE6320A68A88008D6107 /* AppDelegate.m in Sources */,
			);
			runOnlyForDeploymentPostprocessing = 0;
		};
/* End PBXSourcesBuildPhase section */

/* Begin PBXVariantGroup section */
		442DAE6720A68A88008D6107 /* Main.storyboard */ = {
			isa = PBXVariantGroup;
			children = (
				442DAE6820A68A88008D6107 /* Base */,
			);
			name = Main.storyboard;
			sourceTree = "<group>";
		};
		442DAE6C20A68A89008D6107 /* LaunchScreen.storyboard */ = {
			isa = PBXVariantGroup;
			children = (
				442DAE6D20A68A89008D6107 /* Base */,
			);
			name = LaunchScreen.storyboard;
			sourceTree = "<group>";
		};
/* End PBXVariantGroup section */

/* Begin XCBuildConfiguration section */
		442DAE7220A68A89008D6107 /* Debug */ = {
			isa = XCBuildConfiguration;
			buildSettings = {
				ALWAYS_SEARCH_USER_PATHS = NO;
				CLANG_ANALYZER_NONNULL = YES;
				CLANG_ANALYZER_NUMBER_OBJECT_CONVERSION = YES_AGGRESSIVE;
				CLANG_CXX_LANGUAGE_STANDARD = "gnu++14";
				CLANG_CXX_LIBRARY = "libc++";
				CLANG_ENABLE_MODULES = YES;
				CLANG_ENABLE_OBJC_ARC = YES;
				CLANG_ENABLE_OBJC_WEAK = YES;
				CLANG_WARN_BLOCK_CAPTURE_AUTORELEASING = YES;
				CLANG_WARN_BOOL_CONVERSION = YES;
				CLANG_WARN_COMMA = YES;
				CLANG_WARN_CONSTANT_CONVERSION = YES;
				CLANG_WARN_DEPRECATED_OBJC_IMPLEMENTATIONS = YES;
				CLANG_WARN_DIRECT_OBJC_ISA_USAGE = YES_ERROR;
				CLANG_WARN_DOCUMENTATION_COMMENTS = YES;
				CLANG_WARN_EMPTY_BODY = YES;
				CLANG_WARN_ENUM_CONVERSION = YES;
				CLANG_WARN_INFINITE_RECURSION = YES;
				CLANG_WARN_INT_CONVERSION = YES;
				CLANG_WARN_NON_LITERAL_NULL_CONVERSION = YES;
				CLANG_WARN_OBJC_IMPLICIT_RETAIN_SELF = YES;
				CLANG_WARN_OBJC_LITERAL_CONVERSION = YES;
				CLANG_WARN_OBJC_ROOT_CLASS = YES_ERROR;
				CLANG_WARN_RANGE_LOOP_ANALYSIS = YES;
				CLANG_WARN_STRICT_PROTOTYPES = YES;
				CLANG_WARN_SUSPICIOUS_MOVE = YES;
				CLANG_WARN_UNGUARDED_AVAILABILITY = YES_AGGRESSIVE;
				CLANG_WARN_UNREACHABLE_CODE = YES;
				CLANG_WARN__DUPLICATE_METHOD_MATCH = YES;
				CODE_SIGN_IDENTITY = "iPhone Developer";
				COPY_PHASE_STRIP = NO;
				DEBUG_INFORMATION_FORMAT = dwarf;
				ENABLE_STRICT_OBJC_MSGSEND = YES;
				ENABLE_TESTABILITY = YES;
				GCC_C_LANGUAGE_STANDARD = gnu11;
				GCC_DYNAMIC_NO_PIC = NO;
				GCC_NO_COMMON_BLOCKS = YES;
				GCC_OPTIMIZATION_LEVEL = 0;
				GCC_PREPROCESSOR_DEFINITIONS = (
					"DEBUG=1",
					"$(inherited)",
				);
				GCC_WARN_64_TO_32_BIT_CONVERSION = YES;
				GCC_WARN_ABOUT_RETURN_TYPE = YES_ERROR;
				GCC_WARN_UNDECLARED_SELECTOR = YES;
				GCC_WARN_UNINITIALIZED_AUTOS = YES_AGGRESSIVE;
				GCC_WARN_UNUSED_FUNCTION = YES;
				GCC_WARN_UNUSED_VARIABLE = YES;
				IPHONEOS_DEPLOYMENT_TARGET = 11.3;
				MTL_ENABLE_DEBUG_INFO = YES;
				ONLY_ACTIVE_ARCH = YES;
				SDKROOT = iphoneos;
			};
			name = Debug;
		};
		442DAE7320A68A89008D6107 /* Release */ = {
			isa = XCBuildConfiguration;
			buildSettings = {
				ALWAYS_SEARCH_USER_PATHS = NO;
				CLANG_ANALYZER_NONNULL = YES;
				CLANG_ANALYZER_NUMBER_OBJECT_CONVERSION = YES_AGGRESSIVE;
				CLANG_CXX_LANGUAGE_STANDARD = "gnu++14";
				CLANG_CXX_LIBRARY = "libc++";
				CLANG_ENABLE_MODULES = YES;
				CLANG_ENABLE_OBJC_ARC = YES;
				CLANG_ENABLE_OBJC_WEAK = YES;
				CLANG_WARN_BLOCK_CAPTURE_AUTORELEASING = YES;
				CLANG_WARN_BOOL_CONVERSION = YES;
				CLANG_WARN_COMMA = YES;
				CLANG_WARN_CONSTANT_CONVERSION = YES;
				CLANG_WARN_DEPRECATED_OBJC_IMPLEMENTATIONS = YES;
				CLANG_WARN_DIRECT_OBJC_ISA_USAGE = YES_ERROR;
				CLANG_WARN_DOCUMENTATION_COMMENTS = YES;
				CLANG_WARN_EMPTY_BODY = YES;
				CLANG_WARN_ENUM_CONVERSION = YES;
				CLANG_WARN_INFINITE_RECURSION = YES;
				CLANG_WARN_INT_CONVERSION = YES;
				CLANG_WARN_NON_LITERAL_NULL_CONVERSION = YES;
				CLANG_WARN_OBJC_IMPLICIT_RETAIN_SELF = YES;
				CLANG_WARN_OBJC_LITERAL_CONVERSION = YES;
				CLANG_WARN_OBJC_ROOT_CLASS = YES_ERROR;
				CLANG_WARN_RANGE_LOOP_ANALYSIS = YES;
				CLANG_WARN_STRICT_PROTOTYPES = YES;
				CLANG_WARN_SUSPICIOUS_MOVE = YES;
				CLANG_WARN_UNGUARDED_AVAILABILITY = YES_AGGRESSIVE;
				CLANG_WARN_UNREACHABLE_CODE = YES;
				CLANG_WARN__DUPLICATE_METHOD_MATCH = YES;
				CODE_SIGN_IDENTITY = "iPhone Developer";
				COPY_PHASE_STRIP = NO;
				DEBUG_INFORMATION_FORMAT = "dwarf-with-dsym";
				ENABLE_NS_ASSERTIONS = NO;
				ENABLE_STRICT_OBJC_MSGSEND = YES;
				GCC_C_LANGUAGE_STANDARD = gnu11;
				GCC_NO_COMMON_BLOCKS = YES;
				GCC_WARN_64_TO_32_BIT_CONVERSION = YES;
				GCC_WARN_ABOUT_RETURN_TYPE = YES_ERROR;
				GCC_WARN_UNDECLARED_SELECTOR = YES;
				GCC_WARN_UNINITIALIZED_AUTOS = YES_AGGRESSIVE;
				GCC_WARN_UNUSED_FUNCTION = YES;
				GCC_WARN_UNUSED_VARIABLE = YES;
				IPHONEOS_DEPLOYMENT_TARGET = 11.3;
				MTL_ENABLE_DEBUG_INFO = NO;
				SDKROOT = iphoneos;
				VALIDATE_PRODUCT = YES;
			};
			name = Release;
		};
		442DAE7520A68A89008D6107 /* Debug */ = {
			isa = XCBuildConfiguration;
			buildSettings = {
				ASSETCATALOG_COMPILER_APPICON_NAME = AppIcon;
				CODE_SIGN_STYLE = Automatic;
				DEVELOPMENT_TEAM = G82574ATF5;
				GCC_PRECOMPILE_PREFIX_HEADER = YES;
				GCC_PREFIX_HEADER = "$(SRCROOT)/页面滑动跳转/PublicHeader.pch";
				INFOPLIST_FILE = "页面滑动跳转/Info.plist";
				IPHONEOS_DEPLOYMENT_TARGET = 8.3;
				LD_RUNPATH_SEARCH_PATHS = (
					"$(inherited)",
					"@executable_path/Frameworks",
				);
				PRODUCT_BUNDLE_IDENTIFIER = com.hanyong.test;
				PRODUCT_NAME = "$(TARGET_NAME)";
				TARGETED_DEVICE_FAMILY = "1,2";
			};
			name = Debug;
		};
		442DAE7620A68A89008D6107 /* Release */ = {
			isa = XCBuildConfiguration;
			buildSettings = {
				ASSETCATALOG_COMPILER_APPICON_NAME = AppIcon;
				CODE_SIGN_STYLE = Automatic;
				DEVELOPMENT_TEAM = G82574ATF5;
				GCC_PRECOMPILE_PREFIX_HEADER = YES;
				GCC_PREFIX_HEADER = "$(SRCROOT)/页面滑动跳转/PublicHeader.pch";
				INFOPLIST_FILE = "页面滑动跳转/Info.plist";
				IPHONEOS_DEPLOYMENT_TARGET = 8.3;
				LD_RUNPATH_SEARCH_PATHS = (
					"$(inherited)",
					"@executable_path/Frameworks",
				);
				PRODUCT_BUNDLE_IDENTIFIER = com.hanyong.test;
				PRODUCT_NAME = "$(TARGET_NAME)";
				TARGETED_DEVICE_FAMILY = "1,2";
			};
			name = Release;
		};
/* End XCBuildConfiguration section */

/* Begin XCConfigurationList section */
		442DAE5920A68A88008D6107 /* Build configuration list for PBXProject "页面滑动跳转" */ = {
			isa = XCConfigurationList;
			buildConfigurations = (
				442DAE7220A68A89008D6107 /* Debug */,
				442DAE7320A68A89008D6107 /* Release */,
			);
			defaultConfigurationIsVisible = 0;
			defaultConfigurationName = Release;
		};
		442DAE7420A68A89008D6107 /* Build configuration list for PBXNativeTarget "页面滑动跳转" */ = {
			isa = XCConfigurationList;
			buildConfigurations = (
				442DAE7520A68A89008D6107 /* Debug */,
				442DAE7620A68A89008D6107 /* Release */,
			);
			defaultConfigurationIsVisible = 0;
			defaultConfigurationName = Release;
		};
/* End XCConfigurationList section */
	};
	rootObject = 442DAE5620A68A88008D6107 /* Project object */;
}
